
Microsoft Visual Studio Solution File, Format Version 12.00
# Visual Studio Version 16
VisualStudioVersion = 16.0.31205.134
MinimumVisualStudioVersion = 10.0.40219.1
Project("{9A19103F-16F7-4668-BE54-9A1E7A4F7556}") = "CryptographyHelpers", "CryptographyHelpers\CryptographyHelpers.csproj", "{5D349D0D-27D7-41E7-AEEF-30A70C9AC064}"
EndProject
Project("{9A19103F-16F7-4668-BE54-9A1E7A4F7556}") = "CryptographyHelpers.Console", "CryptographyHelpers.Console\CryptographyHelpers.Console.csproj", "{264538CD-03FF-4C80-A3D2-C76F055F8BCD}"
EndProject
Project("{FAE04EC0-301F-11D3-BF4B-00C04F79EFBC}") = "CryptographyHelpers.Tests", "CryptographyHelpers.Tests\CryptographyHelpers.Tests.csproj", "{49E0F3ED-467B-4D8D-957E-BCF68658D224}"
EndProject
Global
	GlobalSection(SolutionConfigurationPlatforms) = preSolution
		Debug|Any CPU = Debug|Any CPU
		Release|Any CPU = Release|Any CPU
	EndGlobalSection
	GlobalSection(ProjectConfigurationPlatforms) = postSolution
		{5D349D0D-27D7-41E7-AEEF-30A70C9AC064}.Debug|Any CPU.ActiveCfg = Debug|Any CPU
		{5D349D0D-27D7-41E7-AEEF-30A70C9AC064}.Debug|Any CPU.Build.0 = Debug|Any CPU
		{5D349D0D-27D7-41E7-AEEF-30A70C9AC064}.Release|Any CPU.ActiveCfg = Release|Any CPU
		{5D349D0D-27D7-41E7-AEEF-30A70C9AC064}.Release|Any CPU.Build.0 = Release|Any CPU
		{264538CD-03FF-4C80-A3D2-C76F055F8BCD}.Debug|Any CPU.ActiveCfg = Debug|Any CPU
		{264538CD-03FF-4C80-A3D2-C76F055F8BCD}.Debug|Any CPU.Build.0 = Debug|Any CPU
		{264538CD-03FF-4C80-A3D2-C76F055F8BCD}.Release|Any CPU.ActiveCfg = Release|Any CPU
		{264538CD-03FF-4C80-A3D2-C76F055F8BCD}.Release|Any CPU.Build.0 = Release|Any CPU
		{49E0F3ED-467B-4D8D-957E-BCF68658D224}.Debug|Any CPU.ActiveCfg = Debug|Any CPU
		{49E0F3ED-467B-4D8D-957E-BCF68658D224}.Debug|Any CPU.Build.0 = Debug|Any CPU
		{49E0F3ED-467B-4D8D-957E-BCF68658D224}.Release|Any CPU.ActiveCfg = Release|Any CPU
		{49E0F3ED-467B-4D8D-957E-BCF68658D224}.Release|Any CPU.Build.0 = Release|Any CPU
	EndGlobalSection
	GlobalSection(SolutionProperties) = preSolution
		HideSolutionNode = FALSE
	EndGlobalSection
	GlobalSection(ExtensibilityGlobals) = postSolution
		SolutionGuid = {AAE49723-3568-4EC5-8CCA-9E6A6889A753}
	EndGlobalSection
EndGlobal
